
Microsoft Visual Studio Solution File, Format Version 12.00
# Visual Studio Version 17
VisualStudioVersion = 17.5.33530.505
MinimumVisualStudioVersion = 10.0.40219.1
Project("{9A19103F-16F7-4668-BE54-9A1E7A4F7556}") = "SohatNoteBook.Api", "SohatNoteBook.Api\SohatNoteBook.Api.csproj", "{90C6ED1F-F967-4D70-9C61-46A00100C370}"
EndProject
Project("{FAE04EC0-301F-11D3-BF4B-00C04F79EFBC}") = "SohatNoteBook.DataService", "SohatNoteBook.DataService\SohatNoteBook.DataService.csproj", "{1272592A-92B6-4ADF-91B2-B71295B7C99B}"
EndProject
Project("{FAE04EC0-301F-11D3-BF4B-00C04F79EFBC}") = "SohatNoteBook.Entities", "SohatNoteBook.Entities\SohatNoteBook.Entities.csproj", "{A9174644-FC4B-438B-B876-48608A9D25A2}"
EndProject
Global
	GlobalSection(SolutionConfigurationPlatforms) = preSolution
		Debug|Any CPU = Debug|Any CPU
		Release|Any CPU = Release|Any CPU
	EndGlobalSection
	GlobalSection(ProjectConfigurationPlatforms) = postSolution
		{90C6ED1F-F967-4D70-9C61-46A00100C370}.Debug|Any CPU.ActiveCfg = Debug|Any CPU
		{90C6ED1F-F967-4D70-9C61-46A00100C370}.Debug|Any CPU.Build.0 = Debug|Any CPU
		{90C6ED1F-F967-4D70-9C61-46A00100C370}.Release|Any CPU.ActiveCfg = Release|Any CPU
		{90C6ED1F-F967-4D70-9C61-46A00100C370}.Release|Any CPU.Build.0 = Release|Any CPU
		{1272592A-92B6-4ADF-91B2-B71295B7C99B}.Debug|Any CPU.ActiveCfg = Debug|Any CPU
		{1272592A-92B6-4ADF-91B2-B71295B7C99B}.Debug|Any CPU.Build.0 = Debug|Any CPU
		{1272592A-92B6-4ADF-91B2-B71295B7C99B}.Release|Any CPU.ActiveCfg = Release|Any CPU
		{1272592A-92B6-4ADF-91B2-B71295B7C99B}.Release|Any CPU.Build.0 = Release|Any CPU
		{A9174644-FC4B-438B-B876-48608A9D25A2}.Debug|Any CPU.ActiveCfg = Debug|Any CPU
		{A9174644-FC4B-438B-B876-48608A9D25A2}.Debug|Any CPU.Build.0 = Debug|Any CPU
		{A9174644-FC4B-438B-B876-48608A9D25A2}.Release|Any CPU.ActiveCfg = Release|Any CPU
		{A9174644-FC4B-438B-B876-48608A9D25A2}.Release|Any CPU.Build.0 = Release|Any CPU
	EndGlobalSection
	GlobalSection(SolutionProperties) = preSolution
		HideSolutionNode = FALSE
	EndGlobalSection
	GlobalSection(ExtensibilityGlobals) = postSolution
		SolutionGuid = {6D6B4C97-87E8-4AD1-82B5-48E9A9151B70}
	EndGlobalSection
EndGlobal
